# This file is automatically @generated by Cargo.
# It is not intended for manual editing.
version = 3

[package]
name = "cargohub"
version = "0.0.1"
authors = ["Sacha Ichbiah <sacha.ichbiah@gmail.com>"] 
edition = "2018" 

# Metadata fields
description = "Cargohub rust api"
license = "MIT" 
repository = "https://github.com/cargohubAI/cargohub-rust" 
documentation = "https://github.com/cargohubAI/cargohub-rust"
homepage = "https://cargohub.app" # if applicable
